// !$*UTF8*$!
{
	archiveVersion = 1;
	classes = {
	};
	objectVersion = 46;
	objects = {

/* Begin PBXBuildFile section */
		BBB2B4371EB3893700872A6A /* AppDelegate.swift in Sources */ = {isa = PBXBuildFile; fileRef = BBB2B4361EB3893700872A6A /* AppDelegate.swift */; };
		BBB2B4391EB3893700872A6A /* ViewController.swift in Sources */ = {isa = PBXBuildFile; fileRef = BBB2B4381EB3893700872A6A /* ViewController.swift */; };
		BBB2B43C1EB3893700872A6A /* Main.storyboard in Resources */ = {isa = PBXBuildFile; fileRef = BBB2B43A1EB3893700872A6A /* Main.storyboard */; };
		BBB2B43E1EB3893700872A6A /* Assets.xcassets in Resources */ = {isa = PBXBuildFile; fileRef = BBB2B43D1EB3893700872A6A /* Assets.xcassets */; };
		BBB2B4411EB3893700872A6A /* LaunchScreen.storyboard in Resources */ = {isa = PBXBuildFile; fileRef = BBB2B43F1EB3893700872A6A /* LaunchScreen.storyboard */; };
		BBB2B44A1EB3897500872A6A /* LYTAudioPlayer.framework in Frameworks */ = {isa = PBXBuildFile; fileRef = BBB2B4491EB3897500872A6A /* LYTAudioPlayer.framework */; };
/* End PBXBuildFile section */

/* Begin PBXFileReference section */
		BBB2B4331EB3893700872A6A /* Demo.app */ = {isa = PBXFileReference; explicitFileType = wrapper.application; includeInIndex = 0; path = Demo.app; sourceTree = BUILT_PRODUCTS_DIR; };
		BBB2B4361EB3893700872A6A /* AppDelegate.swift */ = {isa = PBXFileReference; lastKnownFileType = sourcecode.swift; path = AppDelegate.swift; sourceTree = "<group>"; };
		BBB2B4381EB3893700872A6A /* ViewController.swift */ = {isa = PBXFileReference; lastKnownFileType = sourcecode.swift; path = ViewController.swift; sourceTree = "<group>"; };
		BBB2B43B1EB3893700872A6A /* Base */ = {isa = PBXFileReference; lastKnownFileType = file.storyboard; name = Base; path = Base.lproj/Main.storyboard; sourceTree = "<group>"; };
		BBB2B43D1EB3893700872A6A /* Assets.xcassets */ = {isa = PBXFileReference; lastKnownFileType = folder.assetcatalog; path = Assets.xcassets; sourceTree = "<group>"; };
		BBB2B4401EB3893700872A6A /* Base */ = {isa = PBXFileReference; lastKnownFileType = file.storyboard; name = Base; path = Base.lproj/LaunchScreen.storyboard; sourceTree = "<group>"; };
		BBB2B4421EB3893700872A6A /* Info.plist */ = {isa = PBXFileReference; lastKnownFileType = text.plist.xml; path = Info.plist; sourceTree = "<group>"; };
		BBB2B4491EB3897500872A6A /* LYTAudioPlayer.framework */ = {isa = PBXFileReference; lastKnownFileType = wrapper.framework; name = LYTAudioPlayer.framework; path = "../../../Library/Developer/Xcode/DerivedData/LYTAudio-ackhrwvxthkjvsgwslurfcbdfnhf/Build/Products/Debug-iphonesimulator/LYTAudioPlayer.framework"; sourceTree = "<group>"; };
/* End PBXFileReference section */

/* Begin PBXFrameworksBuildPhase section */
		BBB2B4301EB3893700872A6A /* Frameworks */ = {
			isa = PBXFrameworksBuildPhase;
			buildActionMask = 2147483647;
			files = (
				BBB2B44A1EB3897500872A6A /* LYTAudioPlayer.framework in Frameworks */,
			);
			runOnlyForDeploymentPostprocessing = 0;
		};
/* End PBXFrameworksBuildPhase section */

/* Begin PBXGroup section */
		BBB2B42A1EB3893700872A6A = {
			isa = PBXGroup;
			children = (
				BBB2B4351EB3893700872A6A /* Demo */,
				BBB2B4341EB3893700872A6A /* Products */,
				BBB2B4481EB3897500872A6A /* Frameworks */,
			);
			sourceTree = "<group>";
		};
		BBB2B4341EB3893700872A6A /* Products */ = {
			isa = PBXGroup;
			children = (
				BBB2B4331EB3893700872A6A /* Demo.app */,
			);
			name = Products;
			sourceTree = "<group>";
		};
		BBB2B4351EB3893700872A6A /* Demo */ = {
			isa = PBXGroup;
			children = (
				BBB2B4361EB3893700872A6A /* AppDelegate.swift */,
				BBB2B4381EB3893700872A6A /* ViewController.swift */,
				BBB2B43A1EB3893700872A6A /* Main.storyboard */,
				BBB2B43D1EB3893700872A6A /* Assets.xcassets */,
				BBB2B43F1EB3893700872A6A /* LaunchScreen.storyboard */,
				BBB2B4421EB3893700872A6A /* Info.plist */,
			);
			path = Demo;
			sourceTree = "<group>";
		};
		BBB2B4481EB3897500872A6A /* Frameworks */ = {
			isa = PBXGroup;
			children = (
				BBB2B4491EB3897500872A6A /* LYTAudioPlayer.framework */,
			);
			name = Frameworks;
			sourceTree = "<group>";
		};
/* End PBXGroup section */

/* Begin PBXNativeTarget section */
		BBB2B4321EB3893700872A6A /* Demo */ = {
			isa = PBXNativeTarget;
			buildConfigurationList = BBB2B4451EB3893700872A6A /* Build configuration list for PBXNativeTarget "Demo" */;
			buildPhases = (
				BBB2B42F1EB3893700872A6A /* Sources */,
				BBB2B4301EB3893700872A6A /* Frameworks */,
				BBB2B4311EB3893700872A6A /* Resources */,
			);
			buildRules = (
			);
			dependencies = (
			);
			name = Demo;
			productName = Demo;
			productReference = BBB2B4331EB3893700872A6A /* Demo.app */;
			productType = "com.apple.product-type.application";
		};
/* End PBXNativeTarget section */

/* Begin PBXProject section */
		BBB2B42B1EB3893700872A6A /* Project object */ = {
			isa = PBXProject;
			attributes = {
				LastSwiftUpdateCheck = 0830;
				LastUpgradeCheck = 0830;
				ORGANIZATIONNAME = Nota;
				TargetAttributes = {
					BBB2B4321EB3893700872A6A = {
						CreatedOnToolsVersion = 8.3.2;
						DevelopmentTeam = 5H73UZQ5V6;
						ProvisioningStyle = Automatic;
						SystemCapabilities = {
							com.apple.BackgroundModes = {
								enabled = 1;
							};
						};
					};
				};
			};
			buildConfigurationList = BBB2B42E1EB3893700872A6A /* Build configuration list for PBXProject "Demo" */;
			compatibilityVersion = "Xcode 3.2";
			developmentRegion = English;
			hasScannedForEncodings = 0;
			knownRegions = (
				en,
				Base,
			);
			mainGroup = BBB2B42A1EB3893700872A6A;
			productRefGroup = BBB2B4341EB3893700872A6A /* Products */;
			projectDirPath = "";
			projectRoot = "";
			targets = (
				BBB2B4321EB3893700872A6A /* Demo */,
			);
		};
/* End PBXProject section */

/* Begin PBXResourcesBuildPhase section */
		BBB2B4311EB3893700872A6A /* Resources */ = {
			isa = PBXResourcesBuildPhase;
			buildActionMask = 2147483647;
			files = (
				BBB2B4411EB3893700872A6A /* LaunchScreen.storyboard in Resources */,
				BBB2B43E1EB3893700872A6A /* Assets.xcassets in Resources */,
				BBB2B43C1EB3893700872A6A /* Main.storyboard in Resources */,
			);
			runOnlyForDeploymentPostprocessing = 0;
		};
/* End PBXResourcesBuildPhase section */

/* Begin PBXSourcesBuildPhase section */
		BBB2B42F1EB3893700872A6A /* Sources */ = {
			isa = PBXSourcesBuildPhase;
			buildActionMask = 2147483647;
			files = (
				BBB2B4391EB3893700872A6A /* ViewController.swift in Sources */,
				BBB2B4371EB3893700872A6A /* AppDelegate.swift in Sources */,
			);
			runOnlyForDeploymentPostprocessing = 0;
		};
/* End PBXSourcesBuildPhase section */

/* Begin PBXVariantGroup section */
		BBB2B43A1EB3893700872A6A /* Main.storyboard */ = {
			isa = PBXVariantGroup;
			children = (
				BBB2B43B1EB3893700872A6A /* Base */,
			);
			name = Main.storyboard;
			sourceTree = "<group>";
		};
		BBB2B43F1EB3893700872A6A /* LaunchScreen.storyboard */ = {
			isa = PBXVariantGroup;
			children = (
				BBB2B4401EB3893700872A6A /* Base */,
			);
			name = LaunchScreen.storyboard;
			sourceTree = "<group>";
		};
/* End PBXVariantGroup section */

/* Begin XCBuildConfiguration section */
		BBB2B4431EB3893700872A6A /* Debug */ = {
			isa = XCBuildConfiguration;
			buildSettings = {
				ALWAYS_SEARCH_USER_PATHS = NO;
				CLANG_ANALYZER_NONNULL = YES;
				CLANG_ANALYZER_NUMBER_OBJECT_CONVERSION = YES_AGGRESSIVE;
				CLANG_CXX_LANGUAGE_STANDARD = "gnu++0x";
				CLANG_CXX_LIBRARY = "libc++";
				CLANG_ENABLE_MODULES = YES;
				CLANG_ENABLE_OBJC_ARC = YES;
				CLANG_WARN_BOOL_CONVERSION = YES;
				CLANG_WARN_CONSTANT_CONVERSION = YES;
				CLANG_WARN_DIRECT_OBJC_ISA_USAGE = YES_ERROR;
				CLANG_WARN_DOCUMENTATION_COMMENTS = YES;
				CLANG_WARN_EMPTY_BODY = YES;
				CLANG_WARN_ENUM_CONVERSION = YES;
				CLANG_WARN_INFINITE_RECURSION = YES;
				CLANG_WARN_INT_CONVERSION = YES;
				CLANG_WARN_OBJC_ROOT_CLASS = YES_ERROR;
				CLANG_WARN_SUSPICIOUS_MOVE = YES;
				CLANG_WARN_UNREACHABLE_CODE = YES;
				CLANG_WARN__DUPLICATE_METHOD_MATCH = YES;
				"CODE_SIGN_IDENTITY[sdk=iphoneos*]" = "iPhone Developer";
				COPY_PHASE_STRIP = NO;
				DEBUG_INFORMATION_FORMAT = dwarf;
				ENABLE_STRICT_OBJC_MSGSEND = YES;
				ENABLE_TESTABILITY = YES;
				GCC_C_LANGUAGE_STANDARD = gnu99;
				GCC_DYNAMIC_NO_PIC = NO;
				GCC_NO_COMMON_BLOCKS = YES;
				GCC_OPTIMIZATION_LEVEL = 0;
				GCC_PREPROCESSOR_DEFINITIONS = (
					"DEBUG=1",
					"$(inherited)",
				);
				GCC_WARN_64_TO_32_BIT_CONVERSION = YES;
				GCC_WARN_ABOUT_RETURN_TYPE = YES_ERROR;
				GCC_WARN_UNDECLARED_SELECTOR = YES;
				GCC_WARN_UNINITIALIZED_AUTOS = YES_AGGRESSIVE;
				GCC_WARN_UNUSED_FUNCTION = YES;
				GCC_WARN_UNUSED_VARIABLE = YES;
				IPHONEOS_DEPLOYMENT_TARGET = 10.3;
				MTL_ENABLE_DEBUG_INFO = YES;
				ONLY_ACTIVE_ARCH = YES;
				SDKROOT = iphoneos;
				SWIFT_ACTIVE_COMPILATION_CONDITIONS = DEBUG;
				SWIFT_OPTIMIZATION_LEVEL = "-Onone";
				TARGETED_DEVICE_FAMILY = "1,2";
			};
			name = Debug;
		};
		BBB2B4441EB3893700872A6A /* Release */ = {
			isa = XCBuildConfiguration;
			buildSettings = {
				ALWAYS_SEARCH_USER_PATHS = NO;
				CLANG_ANALYZER_NONNULL = YES;
				CLANG_ANALYZER_NUMBER_OBJECT_CONVERSION = YES_AGGRESSIVE;
				CLANG_CXX_LANGUAGE_STANDARD = "gnu++0x";
				CLANG_CXX_LIBRARY = "libc++";
				CLANG_ENABLE_MODULES = YES;
				CLANG_ENABLE_OBJC_ARC = YES;
				CLANG_WARN_BOOL_CONVERSION = YES;
				CLANG_WARN_CONSTANT_CONVERSION = YES;
				CLANG_WARN_DIRECT_OBJC_ISA_USAGE = YES_ERROR;
				CLANG_WARN_DOCUMENTATION_COMMENTS = YES;
				CLANG_WARN_EMPTY_BODY = YES;
				CLANG_WARN_ENUM_CONVERSION = YES;
				CLANG_WARN_INFINITE_RECURSION = YES;
				CLANG_WARN_INT_CONVERSION = YES;
				CLANG_WARN_OBJC_ROOT_CLASS = YES_ERROR;
				CLANG_WARN_SUSPICIOUS_MOVE = YES;
				CLANG_WARN_UNREACHABLE_CODE = YES;
				CLANG_WARN__DUPLICATE_METHOD_MATCH = YES;
				"CODE_SIGN_IDENTITY[sdk=iphoneos*]" = "iPhone Developer";
				COPY_PHASE_STRIP = NO;
				DEBUG_INFORMATION_FORMAT = "dwarf-with-dsym";
				ENABLE_NS_ASSERTIONS = NO;
				ENABLE_STRICT_OBJC_MSGSEND = YES;
				GCC_C_LANGUAGE_STANDARD = gnu99;
				GCC_NO_COMMON_BLOCKS = YES;
				GCC_WARN_64_TO_32_BIT_CONVERSION = YES;
				GCC_WARN_ABOUT_RETURN_TYPE = YES_ERROR;
				GCC_WARN_UNDECLARED_SELECTOR = YES;
				GCC_WARN_UNINITIALIZED_AUTOS = YES_AGGRESSIVE;
				GCC_WARN_UNUSED_FUNCTION = YES;
				GCC_WARN_UNUSED_VARIABLE = YES;
				IPHONEOS_DEPLOYMENT_TARGET = 10.3;
				MTL_ENABLE_DEBUG_INFO = NO;
				SDKROOT = iphoneos;
				SWIFT_OPTIMIZATION_LEVEL = "-Owholemodule";
				TARGETED_DEVICE_FAMILY = "1,2";
				VALIDATE_PRODUCT = YES;
			};
			name = Release;
		};
		BBB2B4461EB3893700872A6A /* Debug */ = {
			isa = XCBuildConfiguration;
			buildSettings = {
				ASSETCATALOG_COMPILER_APPICON_NAME = AppIcon;
				DEBUG_ACTIVITY_MODE = "";
				"DEBUG_ACTIVITY_MODE[sdk=iphonesimulator*]" = disable;
				DEVELOPMENT_TEAM = 5H73UZQ5V6;
				INFOPLIST_FILE = Demo/Info.plist;
				IPHONEOS_DEPLOYMENT_TARGET = 9.3;
				LD_RUNPATH_SEARCH_PATHS = "$(inherited) @executable_path/Frameworks";
				PRODUCT_BUNDLE_IDENTIFIER = dk.nota.Demo;
				PRODUCT_NAME = "$(TARGET_NAME)";
				SWIFT_VERSION = 3.0;
			};
			name = Debug;
		};
		BBB2B4471EB3893700872A6A /* Release */ = {
			isa = XCBuildConfiguration;
			buildSettings = {
				ASSETCATALOG_COMPILER_APPICON_NAME = AppIcon;
				DEBUG_ACTIVITY_MODE = "";
				DEVELOPMENT_TEAM = 5H73UZQ5V6;
				INFOPLIST_FILE = Demo/Info.plist;
				IPHONEOS_DEPLOYMENT_TARGET = 9.3;
				LD_RUNPATH_SEARCH_PATHS = "$(inherited) @executable_path/Frameworks";
				PRODUCT_BUNDLE_IDENTIFIER = dk.nota.Demo;
				PRODUCT_NAME = "$(TARGET_NAME)";
				SWIFT_VERSION = 3.0;
			};
			name = Release;
		};
/* End XCBuildConfiguration section */

/* Begin XCConfigurationList section */
		BBB2B42E1EB3893700872A6A /* Build configuration list for PBXProject "Demo" */ = {
			isa = XCConfigurationList;
			buildConfigurations = (
				BBB2B4431EB3893700872A6A /* Debug */,
				BBB2B4441EB3893700872A6A /* Release */,
			);
			defaultConfigurationIsVisible = 0;
			defaultConfigurationName = Release;
		};
		BBB2B4451EB3893700872A6A /* Build configuration list for PBXNativeTarget "Demo" */ = {
			isa = XCConfigurationList;
			buildConfigurations = (
				BBB2B4461EB3893700872A6A /* Debug */,
				BBB2B4471EB3893700872A6A /* Release */,
			);
			defaultConfigurationIsVisible = 0;
			defaultConfigurationName = Release;
		};
/* End XCConfigurationList section */
	};
	rootObject = BBB2B42B1EB3893700872A6A /* Project object */;
}
